
Microsoft Visual Studio Solution File, Format Version 12.00
# Visual Studio Version 17
VisualStudioVersion = 17.7.34221.43
MinimumVisualStudioVersion = 10.0.40219.1
Project("{FAE04EC0-301F-11D3-BF4B-00C04F79EFBC}") = "DZ_DP5", "DZ_DP5\DZ_DP5.csproj", "{495E291A-20E9-4655-A6F8-129CE4730E40}"
EndProject
Global
	GlobalSection(SolutionConfigurationPlatforms) = preSolution
		Debug|Any CPU = Debug|Any CPU
		Release|Any CPU = Release|Any CPU
	EndGlobalSection
	GlobalSection(ProjectConfigurationPlatforms) = postSolution
		{495E291A-20E9-4655-A6F8-129CE4730E40}.Debug|Any CPU.ActiveCfg = Debug|Any CPU
		{495E291A-20E9-4655-A6F8-129CE4730E40}.Debug|Any CPU.Build.0 = Debug|Any CPU
		{495E291A-20E9-4655-A6F8-129CE4730E40}.Release|Any CPU.ActiveCfg = Release|Any CPU
		{495E291A-20E9-4655-A6F8-129CE4730E40}.Release|Any CPU.Build.0 = Release|Any CPU
	EndGlobalSection
	GlobalSection(SolutionProperties) = preSolution
		HideSolutionNode = FALSE
	EndGlobalSection
	GlobalSection(ExtensibilityGlobals) = postSolution
		SolutionGuid = {DCEB4ADD-7BBA-4C03-BFDA-095304F91023}
	EndGlobalSection
EndGlobal
